
Microsoft Visual Studio Solution File, Format Version 12.00
# Visual Studio Version 17
VisualStudioVersion = 17.11.35303.130
MinimumVisualStudioVersion = 10.0.40219.1
Project("{FAE04EC0-301F-11D3-BF4B-00C04F79EFBC}") = "ClassLibrary1", "ClassLibrary1\ClassLibrary1.csproj", "{9974127B-5D2E-480B-972C-33CC462BFB13}"
EndProject
Project("{FAE04EC0-301F-11D3-BF4B-00C04F79EFBC}") = "ClassLibrary2", "ClassLibrary2\ClassLibrary2.csproj", "{F9BFB3AA-38BB-462A-8699-88D6CB8543BE}"
EndProject
Global
	GlobalSection(SolutionConfigurationPlatforms) = preSolution
		Debug|Any CPU = Debug|Any CPU
		Release|Any CPU = Release|Any CPU
	EndGlobalSection
	GlobalSection(ProjectConfigurationPlatforms) = postSolution
		{9974127B-5D2E-480B-972C-33CC462BFB13}.Debug|Any CPU.ActiveCfg = Debug|Any CPU
		{9974127B-5D2E-480B-972C-33CC462BFB13}.Debug|Any CPU.Build.0 = Debug|Any CPU
		{9974127B-5D2E-480B-972C-33CC462BFB13}.Release|Any CPU.ActiveCfg = Release|Any CPU
		{9974127B-5D2E-480B-972C-33CC462BFB13}.Release|Any CPU.Build.0 = Release|Any CPU
		{F9BFB3AA-38BB-462A-8699-88D6CB8543BE}.Debug|Any CPU.ActiveCfg = Debug|Any CPU
		{F9BFB3AA-38BB-462A-8699-88D6CB8543BE}.Debug|Any CPU.Build.0 = Debug|Any CPU
		{F9BFB3AA-38BB-462A-8699-88D6CB8543BE}.Release|Any CPU.ActiveCfg = Release|Any CPU
		{F9BFB3AA-38BB-462A-8699-88D6CB8543BE}.Release|Any CPU.Build.0 = Release|Any CPU
	EndGlobalSection
	GlobalSection(SolutionProperties) = preSolution
		HideSolutionNode = FALSE
	EndGlobalSection
	GlobalSection(ExtensibilityGlobals) = postSolution
		SolutionGuid = {E1B5D5A6-3823-4353-B4E4-CB476DFE3008}
	EndGlobalSection
EndGlobal
